
Microsoft Visual Studio Solution File, Format Version 12.00
# Visual Studio Version 17
VisualStudioVersion = 17.11.35208.52
MinimumVisualStudioVersion = 10.0.40219.1
Project("{8BC9CEB8-8B4A-11D0-8D11-00A0C91BC942}") = "Tarefa1", "Tarefa1.vcxproj", "{42469F5A-DC97-4543-A0DB-015EDBD5A8A7}"
EndProject
Global
	GlobalSection(SolutionConfigurationPlatforms) = preSolution
		Debug|x64 = Debug|x64
		Debug|x86 = Debug|x86
		Release|x64 = Release|x64
		Release|x86 = Release|x86
	EndGlobalSection
	GlobalSection(ProjectConfigurationPlatforms) = postSolution
		{42469F5A-DC97-4543-A0DB-015EDBD5A8A7}.Debug|x64.ActiveCfg = Debug|x64
		{42469F5A-DC97-4543-A0DB-015EDBD5A8A7}.Debug|x64.Build.0 = Debug|x64
		{42469F5A-DC97-4543-A0DB-015EDBD5A8A7}.Debug|x86.ActiveCfg = Debug|Win32
		{42469F5A-DC97-4543-A0DB-015EDBD5A8A7}.Debug|x86.Build.0 = Debug|Win32
		{42469F5A-DC97-4543-A0DB-015EDBD5A8A7}.Release|x64.ActiveCfg = Release|x64
		{42469F5A-DC97-4543-A0DB-015EDBD5A8A7}.Release|x64.Build.0 = Release|x64
		{42469F5A-DC97-4543-A0DB-015EDBD5A8A7}.Release|x86.ActiveCfg = Release|Win32
		{42469F5A-DC97-4543-A0DB-015EDBD5A8A7}.Release|x86.Build.0 = Release|Win32
	EndGlobalSection
	GlobalSection(SolutionProperties) = preSolution
		HideSolutionNode = FALSE
	EndGlobalSection
	GlobalSection(ExtensibilityGlobals) = postSolution
		SolutionGuid = {46BCB3C1-4A7A-45D3-A5EE-EA8A46A47D92}
	EndGlobalSection
EndGlobal
